
Microsoft Visual Studio Solution File, Format Version 12.00
# Visual Studio 15
Project("{FAE04EC0-301F-11D3-BF4B-00C04F79EFBC}") = "Assembly-CSharp", "Assembly-CSharp.csproj", "{AD8536F9-6CB2-C2A0-6EC8-7DB675EC88F0}"
EndProject
Global
	GlobalSection(SolutionConfigurationPlatforms) = preSolution
		Debug|Any CPU = Debug|Any CPU
		Release|Any CPU = Release|Any CPU
	EndGlobalSection
	GlobalSection(ProjectConfigurationPlatforms) = postSolution
		{AD8536F9-6CB2-C2A0-6EC8-7DB675EC88F0}.Debug|Any CPU.ActiveCfg = Debug|Any CPU
		{AD8536F9-6CB2-C2A0-6EC8-7DB675EC88F0}.Debug|Any CPU.Build.0 = Debug|Any CPU
		{AD8536F9-6CB2-C2A0-6EC8-7DB675EC88F0}.Release|Any CPU.ActiveCfg = Release|Any CPU
		{AD8536F9-6CB2-C2A0-6EC8-7DB675EC88F0}.Release|Any CPU.Build.0 = Release|Any CPU
	EndGlobalSection
	GlobalSection(SolutionProperties) = preSolution
		HideSolutionNode = FALSE
	EndGlobalSection
EndGlobal
